
Microsoft Visual Studio Solution File, Format Version 12.00
Project("{FAE04EC0-301F-11D3-BF4B-00C04F79EFBC}") = "PRN231_Group12.Assignment1.Repo", "PRN231_Group12.Assignment1.Repo\PRN231_Group12.Assignment1.Repo.csproj", "{2D77D319-1FA8-4C70-B829-ABD1F7282526}"
EndProject
Project("{FAE04EC0-301F-11D3-BF4B-00C04F79EFBC}") = "PRN231_Group12.Assignment1.API", "PRN231_Group12.Assignment1.API\PRN231_Group12.Assignment1.API.csproj", "{F9FDF144-A468-4183-9B3A-DE22ABF513FF}"
EndProject
Global
	GlobalSection(SolutionConfigurationPlatforms) = preSolution
		Debug|Any CPU = Debug|Any CPU
		Release|Any CPU = Release|Any CPU
	EndGlobalSection
	GlobalSection(ProjectConfigurationPlatforms) = postSolution
		{2D77D319-1FA8-4C70-B829-ABD1F7282526}.Debug|Any CPU.ActiveCfg = Debug|Any CPU
		{2D77D319-1FA8-4C70-B829-ABD1F7282526}.Debug|Any CPU.Build.0 = Debug|Any CPU
		{2D77D319-1FA8-4C70-B829-ABD1F7282526}.Release|Any CPU.ActiveCfg = Release|Any CPU
		{2D77D319-1FA8-4C70-B829-ABD1F7282526}.Release|Any CPU.Build.0 = Release|Any CPU
		{F9FDF144-A468-4183-9B3A-DE22ABF513FF}.Debug|Any CPU.ActiveCfg = Debug|Any CPU
		{F9FDF144-A468-4183-9B3A-DE22ABF513FF}.Debug|Any CPU.Build.0 = Debug|Any CPU
		{F9FDF144-A468-4183-9B3A-DE22ABF513FF}.Release|Any CPU.ActiveCfg = Release|Any CPU
		{F9FDF144-A468-4183-9B3A-DE22ABF513FF}.Release|Any CPU.Build.0 = Release|Any CPU
	EndGlobalSection
EndGlobal
